{
  "name": "getotp-verify-playwright-example",
  "version": "1.0.0",
  "lockfileVersion": 3,
  "requires": true,
  "packages": {
    "": {
      "name": "getotp-verify-playwright-example",
      "version": "1.0.0",
      "license": "MIT",
      "devDependencies": {
        "@playwright/test": "^1.49.0",
        "@types/node": "^22.0.0"
      }
    },
    "node_modules/.pnpm/@playwright+test@1.63.0": {
      "dev": true,
      "optional": true,
      "peer": true
    },
    "node_modules/.pnpm/@playwright+test@1.63.0/node_modules/@playwright/test": {
      "version": "1.63.0",
      "dev": true,
      "license": "Apache-2.0",
      "dependencies": {
        "playwright": "1.63.0"
      },
      "bin": {
        "playwright": "cli.js"
      },
      "engines": {
        "node": ">=20"
      }
    },
    "node_modules/.pnpm/@playwright+test@1.63.0/node_modules/playwright": {
      "resolved": "node_modules/.pnpm/playwright@1.63.0/node_modules/playwright",
      "link": true
    },
    "node_modules/.pnpm/@types+node@22.20.5": {
      "dev": true,
      "optional": true,
      "peer": true
    },
    "node_modules/.pnpm/@types+node@22.20.5/node_modules/@types/node": {
      "version": "22.20.5",
      "dev": true,
      "license": "MIT",
      "dependencies": {
        "undici-types": "~6.21.0"
      }
    },
    "node_modules/.pnpm/@types+node@22.20.5/node_modules/undici-types": {
      "resolved": "node_modules/.pnpm/undici-types@6.21.0/node_modules/undici-types",
      "link": true
    },
    "node_modules/.pnpm/playwright-core@1.63.0/node_modules/playwright-core": {
      "version": "1.63.0",
      "dev": true,
      "license": "Apache-2.0",
      "bin": {
        "playwright-core": "cli.js"
      },
      "engines": {
        "node": ">=20"
      }
    },
    "node_modules/.pnpm/playwright@1.63.0": {
      "dev": true,
      "optional": true,
      "peer": true
    },
    "node_modules/.pnpm/playwright@1.63.0/node_modules/playwright": {
      "version": "1.63.0",
      "dev": true,
      "license": "Apache-2.0",
      "dependencies": {
        "playwright-core": "1.63.0"
      },
      "bin": {
        "playwright": "cli.js"
      },
      "engines": {
        "node": ">=20"
      }
    },
    "node_modules/.pnpm/playwright@1.63.0/node_modules/playwright-core": {
      "resolved": "node_modules/.pnpm/playwright-core@1.63.0/node_modules/playwright-core",
      "link": true
    },
    "node_modules/.pnpm/undici-types@6.21.0/node_modules/undici-types": {
      "version": "6.21.0",
      "dev": true,
      "license": "MIT"
    },
    "node_modules/@playwright/test": {
      "resolved": "node_modules/.pnpm/@playwright+test@1.63.0/node_modules/@playwright/test",
      "link": true
    },
    "node_modules/@types/node": {
      "resolved": "node_modules/.pnpm/@types+node@22.20.5/node_modules/@types/node",
      "link": true
    }
  }
}
